<?xml version="1.0" encoding="utf-8"?>
<Project ToolsVersion="4.0" xmlns="http://schemas.microsoft.com/developer/msbuild/2003">
  <ItemGroup>
    <Filter Include="ソース ファイル">
      <UniqueIdentifier>{4FC737F1-C7A5-4376-A066-2A32D752A2FF}</UniqueIdentifier>
      <Extensions>cpp;c;cc;cxx;c++;cppm;ixx;def;odl;idl;hpj;bat;asm;asmx</Extensions>
    </Filter>
    <Filter Include="ヘッダー ファイル">
      <UniqueIdentifier>{93995380-89BD-4b04-88EB-625FBE52EBFB}</UniqueIdentifier>
      <Extensions>h;hh;hpp;hxx;h++;hm;inl;inc;ipp;xsd</Extensions>
    </Filter>
    <Filter Include="リソース ファイル">
      <UniqueIdentifier>{67DA6AB6-F800-4c08-8B7A-83BB121AAD01}</UniqueIdentifier>
      <Extensions>rc;ico;cur;bmp;dlg;rc2;rct;bin;rgs;gif;jpg;jpeg;jpe;resx;tiff;tif;png;wav;mfcribbon-ms</Extensions>
    </Filter>
    <Filter Include="ソース ファイル\prog02">
      <UniqueIdentifier>{98d9bf62-d39b-44ac-99d5-72f9a16dc2e3}</UniqueIdentifier>
    </Filter>
    <Filter Include="ソース ファイル\prog01">
      <UniqueIdentifier>{c42d5c84-4bf5-4487-add0-4c656bf70a83}</UniqueIdentifier>
    </Filter>
    <Filter Include="ソース ファイル\prog03">
      <UniqueIdentifier>{af9f9462-e720-4bbb-9a40-1f2a59a86ad7}</UniqueIdentifier>
    </Filter>
    <Filter Include="ソース ファイル\prog04">
      <UniqueIdentifier>{af4ae04c-3e78-4219-b4bf-2c3467ba323b}</UniqueIdentifier>
    </Filter>
    <Filter Include="ソース ファイル\prog05">
      <UniqueIdentifier>{a247c4e9-634a-44f4-a05f-a282e00946f9}</UniqueIdentifier>
    </Filter>
    <Filter Include="ソース ファイル\prog6">
      <UniqueIdentifier>{90d629a1-1145-45ab-8d5c-f486fb12dc9c}</UniqueIdentifier>
    </Filter>
  </ItemGroup>
  <ItemGroup>
    <ClCompile Include="Prog3Master.cpp">
      <Filter>ソース ファイル</Filter>
    </ClCompile>
    <ClCompile Include="prog0101.cpp">
      <Filter>ソース ファイル\prog01</Filter>
    </ClCompile>
    <ClCompile Include="prog0102.cpp">
      <Filter>ソース ファイル\prog01</Filter>
    </ClCompile>
    <ClCompile Include="prog0103.cpp">
      <Filter>ソース ファイル\prog01</Filter>
    </ClCompile>
    <ClCompile Include="prog0104.cpp">
      <Filter>ソース ファイル\prog01</Filter>
    </ClCompile>
    <ClCompile Include="prog0105.cpp">
      <Filter>ソース ファイル\prog01</Filter>
    </ClCompile>
    <ClCompile Include="prog0201.cpp">
      <Filter>ソース ファイル\prog02</Filter>
    </ClCompile>
    <ClCompile Include="prog0202.cpp">
      <Filter>ソース ファイル\prog02</Filter>
    </ClCompile>
    <ClCompile Include="prog203.cpp">
      <Filter>ソース ファイル\prog02</Filter>
    </ClCompile>
    <ClCompile Include="prog0204.cpp">
      <Filter>ソース ファイル\prog02</Filter>
    </ClCompile>
    <ClCompile Include="prog0205.cpp">
      <Filter>ソース ファイル\prog02</Filter>
    </ClCompile>
    <ClCompile Include="prog0301.cpp">
      <Filter>ソース ファイル\prog03</Filter>
    </ClCompile>
    <ClCompile Include="prog0302.cpp">
      <Filter>ソース ファイル\prog03</Filter>
    </ClCompile>
    <ClCompile Include="prog0401.cpp">
      <Filter>ソース ファイル\prog04</Filter>
    </ClCompile>
    <ClCompile Include="prog0402.cpp">
      <Filter>ソース ファイル\prog04</Filter>
    </ClCompile>
    <ClCompile Include="prog403.cpp">
      <Filter>ソース ファイル\prog04</Filter>
    </ClCompile>
    <ClCompile Include="prog0501.cpp">
      <Filter>ソース ファイル\prog05</Filter>
    </ClCompile>
    <ClCompile Include="prog601.cpp">
      <Filter>ソース ファイル\prog6</Filter>
    </ClCompile>
  </ItemGroup>
  <ItemGroup>
    <ClInclude Include="prog.h">
      <Filter>ヘッダー ファイル</Filter>
    </ClInclude>
  </ItemGroup>
  <ItemGroup>
    <Text Include="data.txt">
      <Filter>リソース ファイル</Filter>
    </Text>
    <Text Include="log.txt">
      <Filter>リソース ファイル</Filter>
    </Text>
    <Text Include="popu.txt">
      <Filter>リソース ファイル</Filter>
    </Text>
    <Text Include="data_small.txt">
      <Filter>リソース ファイル</Filter>
    </Text>
    <Text Include="data_huge.txt">
      <Filter>リソース ファイル</Filter>
    </Text>
  </ItemGroup>
  <ItemGroup>
    <None Include="tree.xls">
      <Filter>リソース ファイル</Filter>
    </None>
  </ItemGroup>
</Project>